
Microsoft Visual Studio Solution File, Format Version 12.00
# Visual Studio Version 17
VisualStudioVersion = 17.13.35825.156
MinimumVisualStudioVersion = 10.0.40219.1
Project("{FAE04EC0-301F-11D3-BF4B-00C04F79EFBC}") = "zad 2", "zad 2\zad 2.csproj", "{B6153406-1780-4183-8BB3-EB56274F286A}"
EndProject
Project("{FAE04EC0-301F-11D3-BF4B-00C04F79EFBC}") = "zad 1", "zad 1\zad 1.csproj", "{CF42648E-EC0C-FCFE-0EE3-6CC5FA356FD2}"
EndProject
Project("{FAE04EC0-301F-11D3-BF4B-00C04F79EFBC}") = "zad 3", "zad 3\zad 3.csproj", "{884622FB-418B-4332-9FFF-DC9C2771A0E3}"
EndProject
Global
	GlobalSection(SolutionConfigurationPlatforms) = preSolution
		Debug|Any CPU = Debug|Any CPU
		Release|Any CPU = Release|Any CPU
	EndGlobalSection
	GlobalSection(ProjectConfigurationPlatforms) = postSolution
		{B6153406-1780-4183-8BB3-EB56274F286A}.Debug|Any CPU.ActiveCfg = Debug|Any CPU
		{B6153406-1780-4183-8BB3-EB56274F286A}.Debug|Any CPU.Build.0 = Debug|Any CPU
		{B6153406-1780-4183-8BB3-EB56274F286A}.Release|Any CPU.ActiveCfg = Release|Any CPU
		{B6153406-1780-4183-8BB3-EB56274F286A}.Release|Any CPU.Build.0 = Release|Any CPU
		{CF42648E-EC0C-FCFE-0EE3-6CC5FA356FD2}.Debug|Any CPU.ActiveCfg = Debug|Any CPU
		{CF42648E-EC0C-FCFE-0EE3-6CC5FA356FD2}.Debug|Any CPU.Build.0 = Debug|Any CPU
		{CF42648E-EC0C-FCFE-0EE3-6CC5FA356FD2}.Release|Any CPU.ActiveCfg = Release|Any CPU
		{CF42648E-EC0C-FCFE-0EE3-6CC5FA356FD2}.Release|Any CPU.Build.0 = Release|Any CPU
		{884622FB-418B-4332-9FFF-DC9C2771A0E3}.Debug|Any CPU.ActiveCfg = Debug|Any CPU
		{884622FB-418B-4332-9FFF-DC9C2771A0E3}.Debug|Any CPU.Build.0 = Debug|Any CPU
		{884622FB-418B-4332-9FFF-DC9C2771A0E3}.Release|Any CPU.ActiveCfg = Release|Any CPU
		{884622FB-418B-4332-9FFF-DC9C2771A0E3}.Release|Any CPU.Build.0 = Release|Any CPU
	EndGlobalSection
	GlobalSection(SolutionProperties) = preSolution
		HideSolutionNode = FALSE
	EndGlobalSection
	GlobalSection(ExtensibilityGlobals) = postSolution
		SolutionGuid = {EBF702BE-73E8-4FBF-A85A-096BE135CA5F}
	EndGlobalSection
EndGlobal
